
Microsoft Visual Studio Solution File, Format Version 12.00
# Visual Studio 15
VisualStudioVersion = 15.0.27004.2010
MinimumVisualStudioVersion = 10.0.40219.1
Project("{FAE04EC0-301F-11D3-BF4B-00C04F79EFBC}") = "CSharpFundsamentals.TimeSpan", "CSharpFundsamentals.TimeSpan\CSharpFundsamentals.TimeSpan.csproj", "{7A5F2A2E-D6D0-446D-8E02-FB4C33689D74}"
EndProject
Global
	GlobalSection(SolutionConfigurationPlatforms) = preSolution
		Debug|Any CPU = Debug|Any CPU
		Release|Any CPU = Release|Any CPU
	EndGlobalSection
	GlobalSection(ProjectConfigurationPlatforms) = postSolution
		{7A5F2A2E-D6D0-446D-8E02-FB4C33689D74}.Debug|Any CPU.ActiveCfg = Debug|Any CPU
		{7A5F2A2E-D6D0-446D-8E02-FB4C33689D74}.Debug|Any CPU.Build.0 = Debug|Any CPU
		{7A5F2A2E-D6D0-446D-8E02-FB4C33689D74}.Release|Any CPU.ActiveCfg = Release|Any CPU
		{7A5F2A2E-D6D0-446D-8E02-FB4C33689D74}.Release|Any CPU.Build.0 = Release|Any CPU
	EndGlobalSection
	GlobalSection(SolutionProperties) = preSolution
		HideSolutionNode = FALSE
	EndGlobalSection
	GlobalSection(ExtensibilityGlobals) = postSolution
		SolutionGuid = {9CD1FCCE-70FA-45D5-BF42-D0534E914AE1}
	EndGlobalSection
EndGlobal
