
Microsoft Visual Studio Solution File, Format Version 12.00
# Visual Studio 15
VisualStudioVersion = 15.0.27004.2010
MinimumVisualStudioVersion = 10.0.40219.1
Project("{FAE04EC0-301F-11D3-BF4B-00C04F79EFBC}") = "Unit8exercises", "Unit8exercises\Unit8exercises.csproj", "{8AD6DF19-67C1-4FD2-B1BD-BB18CDB4EEA6}"
EndProject
Global
	GlobalSection(SolutionConfigurationPlatforms) = preSolution
		Debug|Any CPU = Debug|Any CPU
		Release|Any CPU = Release|Any CPU
	EndGlobalSection
	GlobalSection(ProjectConfigurationPlatforms) = postSolution
		{8AD6DF19-67C1-4FD2-B1BD-BB18CDB4EEA6}.Debug|Any CPU.ActiveCfg = Debug|Any CPU
		{8AD6DF19-67C1-4FD2-B1BD-BB18CDB4EEA6}.Debug|Any CPU.Build.0 = Debug|Any CPU
		{8AD6DF19-67C1-4FD2-B1BD-BB18CDB4EEA6}.Release|Any CPU.ActiveCfg = Release|Any CPU
		{8AD6DF19-67C1-4FD2-B1BD-BB18CDB4EEA6}.Release|Any CPU.Build.0 = Release|Any CPU
	EndGlobalSection
	GlobalSection(SolutionProperties) = preSolution
		HideSolutionNode = FALSE
	EndGlobalSection
	GlobalSection(ExtensibilityGlobals) = postSolution
		SolutionGuid = {05257F6A-B29D-4ED3-870F-D1DF77B8376F}
	EndGlobalSection
EndGlobal
