
Microsoft Visual Studio Solution File, Format Version 12.00
# Visual Studio 15
VisualStudioVersion = 15.0.27004.2010
MinimumVisualStudioVersion = 10.0.40219.1
Project("{FAE04EC0-301F-11D3-BF4B-00C04F79EFBC}") = "CSharpFundamentals.DateTime", "CSharpFundamentals.DateTime\CSharpFundamentals.DateTime.csproj", "{8C923A40-CB1A-43C4-B791-04E17A96B627}"
EndProject
Global
	GlobalSection(SolutionConfigurationPlatforms) = preSolution
		Debug|Any CPU = Debug|Any CPU
		Release|Any CPU = Release|Any CPU
	EndGlobalSection
	GlobalSection(ProjectConfigurationPlatforms) = postSolution
		{8C923A40-CB1A-43C4-B791-04E17A96B627}.Debug|Any CPU.ActiveCfg = Debug|Any CPU
		{8C923A40-CB1A-43C4-B791-04E17A96B627}.Debug|Any CPU.Build.0 = Debug|Any CPU
		{8C923A40-CB1A-43C4-B791-04E17A96B627}.Release|Any CPU.ActiveCfg = Release|Any CPU
		{8C923A40-CB1A-43C4-B791-04E17A96B627}.Release|Any CPU.Build.0 = Release|Any CPU
	EndGlobalSection
	GlobalSection(SolutionProperties) = preSolution
		HideSolutionNode = FALSE
	EndGlobalSection
	GlobalSection(ExtensibilityGlobals) = postSolution
		SolutionGuid = {8157C54C-FD4B-4CC0-BB31-3E492F572DD7}
	EndGlobalSection
EndGlobal
