
Microsoft Visual Studio Solution File, Format Version 12.00
# Visual Studio 15
VisualStudioVersion = 15.0.27004.2010
MinimumVisualStudioVersion = 10.0.40219.1
Project("{FAE04EC0-301F-11D3-BF4B-00C04F79EFBC}") = "CSharpFundamentals.Path", "CSharpFundamentals.Path\CSharpFundamentals.Path.csproj", "{DE99AB86-E8A4-4851-85A1-0D787405B754}"
EndProject
Global
	GlobalSection(SolutionConfigurationPlatforms) = preSolution
		Debug|Any CPU = Debug|Any CPU
		Release|Any CPU = Release|Any CPU
	EndGlobalSection
	GlobalSection(ProjectConfigurationPlatforms) = postSolution
		{DE99AB86-E8A4-4851-85A1-0D787405B754}.Debug|Any CPU.ActiveCfg = Debug|Any CPU
		{DE99AB86-E8A4-4851-85A1-0D787405B754}.Debug|Any CPU.Build.0 = Debug|Any CPU
		{DE99AB86-E8A4-4851-85A1-0D787405B754}.Release|Any CPU.ActiveCfg = Release|Any CPU
		{DE99AB86-E8A4-4851-85A1-0D787405B754}.Release|Any CPU.Build.0 = Release|Any CPU
	EndGlobalSection
	GlobalSection(SolutionProperties) = preSolution
		HideSolutionNode = FALSE
	EndGlobalSection
	GlobalSection(ExtensibilityGlobals) = postSolution
		SolutionGuid = {57E31BBC-8B6F-42DF-8B76-5256316DF069}
	EndGlobalSection
EndGlobal
