
Microsoft Visual Studio Solution File, Format Version 12.00
# Visual Studio 15
VisualStudioVersion = 15.0.27004.2009
MinimumVisualStudioVersion = 10.0.40219.1
Project("{FAE04EC0-301F-11D3-BF4B-00C04F79EFBC}") = "Operators", "Operators\Operators.csproj", "{0D5832BE-1782-4F41-956E-00AC62E6BA7F}"
EndProject
Global
	GlobalSection(SolutionConfigurationPlatforms) = preSolution
		Debug|Any CPU = Debug|Any CPU
		Release|Any CPU = Release|Any CPU
	EndGlobalSection
	GlobalSection(ProjectConfigurationPlatforms) = postSolution
		{0D5832BE-1782-4F41-956E-00AC62E6BA7F}.Debug|Any CPU.ActiveCfg = Debug|Any CPU
		{0D5832BE-1782-4F41-956E-00AC62E6BA7F}.Debug|Any CPU.Build.0 = Debug|Any CPU
		{0D5832BE-1782-4F41-956E-00AC62E6BA7F}.Release|Any CPU.ActiveCfg = Release|Any CPU
		{0D5832BE-1782-4F41-956E-00AC62E6BA7F}.Release|Any CPU.Build.0 = Release|Any CPU
	EndGlobalSection
	GlobalSection(SolutionProperties) = preSolution
		HideSolutionNode = FALSE
	EndGlobalSection
	GlobalSection(ExtensibilityGlobals) = postSolution
		SolutionGuid = {0A2A9054-06FA-407C-B208-5759D5942E07}
	EndGlobalSection
EndGlobal
